
Microsoft Visual Studio Solution File, Format Version 12.00
# Visual Studio Version 17
VisualStudioVersion = 17.13.35931.197 d17.13
MinimumVisualStudioVersion = 10.0.40219.1
Project("{FAE04EC0-301F-11D3-BF4B-00C04F79EFBC}") = "PointsBeConsoleApp", "PointsBeConsoleApp\PointsBeConsoleApp.csproj", "{C2F4CCBC-CC4B-423C-A744-DDDFE9E11DA7}"
EndProject
Global
	GlobalSection(SolutionConfigurationPlatforms) = preSolution
		Debug|Any CPU = Debug|Any CPU
		Release|Any CPU = Release|Any CPU
	EndGlobalSection
	GlobalSection(ProjectConfigurationPlatforms) = postSolution
		{C2F4CCBC-CC4B-423C-A744-DDDFE9E11DA7}.Debug|Any CPU.ActiveCfg = Debug|Any CPU
		{C2F4CCBC-CC4B-423C-A744-DDDFE9E11DA7}.Debug|Any CPU.Build.0 = Debug|Any CPU
		{C2F4CCBC-CC4B-423C-A744-DDDFE9E11DA7}.Release|Any CPU.ActiveCfg = Release|Any CPU
		{C2F4CCBC-CC4B-423C-A744-DDDFE9E11DA7}.Release|Any CPU.Build.0 = Release|Any CPU
	EndGlobalSection
	GlobalSection(SolutionProperties) = preSolution
		HideSolutionNode = FALSE
	EndGlobalSection
	GlobalSection(ExtensibilityGlobals) = postSolution
		SolutionGuid = {93E88210-71B5-4E14-A7E6-15F0349C6CF4}
	EndGlobalSection
EndGlobal
